
Microsoft Visual Studio Solution File, Format Version 12.00
# Visual Studio Version 17
VisualStudioVersion = 17.2.32526.322
MinimumVisualStudioVersion = 10.0.40219.1
Project("{9A19103F-16F7-4668-BE54-9A1E7A4F7556}") = "SapientDmmSimulator", "SapientDmmSimulator\SapientDmmSimulator.csproj", "{7BF76189-464C-4D67-9DC8-950DE026BE43}"
EndProject
Project("{9A19103F-16F7-4668-BE54-9A1E7A4F7556}") = "SapientServices", "..\SapientServices\SapientServices.csproj", "{4E990578-B4F3-453B-A82D-CE576B72EA5B}"
EndProject
Global
	GlobalSection(SolutionConfigurationPlatforms) = preSolution
		Debug|Any CPU = Debug|Any CPU
		Release|Any CPU = Release|Any CPU
	EndGlobalSection
	GlobalSection(ProjectConfigurationPlatforms) = postSolution
		{7BF76189-464C-4D67-9DC8-950DE026BE43}.Debug|Any CPU.ActiveCfg = Debug|Any CPU
		{7BF76189-464C-4D67-9DC8-950DE026BE43}.Debug|Any CPU.Build.0 = Debug|Any CPU
		{7BF76189-464C-4D67-9DC8-950DE026BE43}.Release|Any CPU.ActiveCfg = Release|Any CPU
		{7BF76189-464C-4D67-9DC8-950DE026BE43}.Release|Any CPU.Build.0 = Release|Any CPU
		{4E990578-B4F3-453B-A82D-CE576B72EA5B}.Debug|Any CPU.ActiveCfg = Debug|Any CPU
		{4E990578-B4F3-453B-A82D-CE576B72EA5B}.Debug|Any CPU.Build.0 = Debug|Any CPU
		{4E990578-B4F3-453B-A82D-CE576B72EA5B}.Release|Any CPU.ActiveCfg = Release|Any CPU
		{4E990578-B4F3-453B-A82D-CE576B72EA5B}.Release|Any CPU.Build.0 = Release|Any CPU
	EndGlobalSection
	GlobalSection(SolutionProperties) = preSolution
		HideSolutionNode = FALSE
	EndGlobalSection
	GlobalSection(ExtensibilityGlobals) = postSolution
		SolutionGuid = {7DA5FA06-DF52-4BEE-9FCB-2698A241A57E}
	EndGlobalSection
EndGlobal
